{
  "requires": true,
  "lockfileVersion": 1,
  "dependencies": {
    "node": {
      "version": "15.4.0",
      "resolved": "https://registry.npmjs.org/node/-/node-15.4.0.tgz",
      "integrity": "sha512-5U2brpLFBE58pAEwbTD+QRUomMomtdeONZFwJcf0j2Cljj+vb6BecP9vDEKAY/r1XEsnjz9eaKjMfVms8dGKRA==",
      "dev": true,
      "requires": {
        "node-bin-setup": "^1.0.0"
      }
    },
    "node-bin-setup": {
      "version": "1.0.6",
      "resolved": "https://registry.npmjs.org/node-bin-setup/-/node-bin-setup-1.0.6.tgz",
      "integrity": "sha512-uPIxXNis1CRbv1DwqAxkgBk5NFV3s7cMN/Gf556jSw6jBvV7ca4F9lRL/8cALcZecRibeqU+5dFYqFFmzv5a0Q==",
      "dev": true
    }
  }
}
